
Microsoft Visual Studio Solution File, Format Version 12.00
# Visual Studio 14
VisualStudioVersion = 14.0.25420.1
MinimumVisualStudioVersion = 10.0.40219.1
Project("{8BC9CEB8-8B4A-11D0-8D11-00A0C91BC942}") = "Updater", "Updater.vcxproj", "{DD64ED9A-E2A3-4D2C-B981-8A49A3324BB3}"
EndProject
Project("{F088123C-0E9E-452A-89E6-6BA2F21D5CAC}") = "UpdaterModeling", "..\Modeling\UpdaterModeling\UpdaterModeling.modelproj", "{51F48801-B5DC-4849-BD90-93BAE1D5B8CA}"
EndProject
Global
	GlobalSection(SolutionConfigurationPlatforms) = preSolution
		Beta release|Any CPU = Beta release|Any CPU
		Beta release|x86 = Beta release|x86
		Debug proxy settings|Any CPU = Debug proxy settings|Any CPU
		Debug proxy settings|x86 = Debug proxy settings|x86
		Debug restore version|Any CPU = Debug restore version|Any CPU
		Debug restore version|x86 = Debug restore version|x86
		Debug|Any CPU = Debug|Any CPU
		Debug|x86 = Debug|x86
		Release without compression|Any CPU = Release without compression|Any CPU
		Release without compression|x86 = Release without compression|x86
		Release|Any CPU = Release|Any CPU
		Release|x86 = Release|x86
	EndGlobalSection
	GlobalSection(ProjectConfigurationPlatforms) = postSolution
		{DD64ED9A-E2A3-4D2C-B981-8A49A3324BB3}.Beta release|Any CPU.ActiveCfg = Beta release|Win32
		{DD64ED9A-E2A3-4D2C-B981-8A49A3324BB3}.Beta release|x86.ActiveCfg = Beta release|Win32
		{DD64ED9A-E2A3-4D2C-B981-8A49A3324BB3}.Beta release|x86.Build.0 = Beta release|Win32
		{DD64ED9A-E2A3-4D2C-B981-8A49A3324BB3}.Debug proxy settings|Any CPU.ActiveCfg = Debug proxy settings|Win32
		{DD64ED9A-E2A3-4D2C-B981-8A49A3324BB3}.Debug proxy settings|x86.ActiveCfg = Debug proxy settings|Win32
		{DD64ED9A-E2A3-4D2C-B981-8A49A3324BB3}.Debug proxy settings|x86.Build.0 = Debug proxy settings|Win32
		{DD64ED9A-E2A3-4D2C-B981-8A49A3324BB3}.Debug restore version|Any CPU.ActiveCfg = Debug restore version|Win32
		{DD64ED9A-E2A3-4D2C-B981-8A49A3324BB3}.Debug restore version|x86.ActiveCfg = Debug restore version|Win32
		{DD64ED9A-E2A3-4D2C-B981-8A49A3324BB3}.Debug restore version|x86.Build.0 = Debug restore version|Win32
		{DD64ED9A-E2A3-4D2C-B981-8A49A3324BB3}.Debug|Any CPU.ActiveCfg = Debug|Win32
		{DD64ED9A-E2A3-4D2C-B981-8A49A3324BB3}.Debug|x86.ActiveCfg = Debug|Win32
		{DD64ED9A-E2A3-4D2C-B981-8A49A3324BB3}.Debug|x86.Build.0 = Debug|Win32
		{DD64ED9A-E2A3-4D2C-B981-8A49A3324BB3}.Release without compression|Any CPU.ActiveCfg = Release without compression|Win32
		{DD64ED9A-E2A3-4D2C-B981-8A49A3324BB3}.Release without compression|x86.ActiveCfg = Release without compression|Win32
		{DD64ED9A-E2A3-4D2C-B981-8A49A3324BB3}.Release without compression|x86.Build.0 = Release without compression|Win32
		{DD64ED9A-E2A3-4D2C-B981-8A49A3324BB3}.Release|Any CPU.ActiveCfg = Release|Win32
		{DD64ED9A-E2A3-4D2C-B981-8A49A3324BB3}.Release|x86.ActiveCfg = Release|Win32
		{DD64ED9A-E2A3-4D2C-B981-8A49A3324BB3}.Release|x86.Build.0 = Release|Win32
		{51F48801-B5DC-4849-BD90-93BAE1D5B8CA}.Beta release|Any CPU.ActiveCfg = Release|Any CPU
		{51F48801-B5DC-4849-BD90-93BAE1D5B8CA}.Beta release|Any CPU.Build.0 = Release|Any CPU
		{51F48801-B5DC-4849-BD90-93BAE1D5B8CA}.Beta release|x86.ActiveCfg = Release|Any CPU
		{51F48801-B5DC-4849-BD90-93BAE1D5B8CA}.Beta release|x86.Build.0 = Release|Any CPU
		{51F48801-B5DC-4849-BD90-93BAE1D5B8CA}.Debug proxy settings|Any CPU.ActiveCfg = Debug|Any CPU
		{51F48801-B5DC-4849-BD90-93BAE1D5B8CA}.Debug proxy settings|Any CPU.Build.0 = Debug|Any CPU
		{51F48801-B5DC-4849-BD90-93BAE1D5B8CA}.Debug proxy settings|x86.ActiveCfg = Debug|Any CPU
		{51F48801-B5DC-4849-BD90-93BAE1D5B8CA}.Debug proxy settings|x86.Build.0 = Debug|Any CPU
		{51F48801-B5DC-4849-BD90-93BAE1D5B8CA}.Debug restore version|Any CPU.ActiveCfg = Debug|Any CPU
		{51F48801-B5DC-4849-BD90-93BAE1D5B8CA}.Debug restore version|Any CPU.Build.0 = Debug|Any CPU
		{51F48801-B5DC-4849-BD90-93BAE1D5B8CA}.Debug restore version|x86.ActiveCfg = Debug|Any CPU
		{51F48801-B5DC-4849-BD90-93BAE1D5B8CA}.Debug restore version|x86.Build.0 = Debug|Any CPU
		{51F48801-B5DC-4849-BD90-93BAE1D5B8CA}.Debug|Any CPU.ActiveCfg = Debug|Any CPU
		{51F48801-B5DC-4849-BD90-93BAE1D5B8CA}.Debug|Any CPU.Build.0 = Debug|Any CPU
		{51F48801-B5DC-4849-BD90-93BAE1D5B8CA}.Debug|x86.ActiveCfg = Debug|Any CPU
		{51F48801-B5DC-4849-BD90-93BAE1D5B8CA}.Debug|x86.Build.0 = Debug|Any CPU
		{51F48801-B5DC-4849-BD90-93BAE1D5B8CA}.Release without compression|Any CPU.ActiveCfg = Release|Any CPU
		{51F48801-B5DC-4849-BD90-93BAE1D5B8CA}.Release without compression|Any CPU.Build.0 = Release|Any CPU
		{51F48801-B5DC-4849-BD90-93BAE1D5B8CA}.Release without compression|x86.ActiveCfg = Release|Any CPU
		{51F48801-B5DC-4849-BD90-93BAE1D5B8CA}.Release without compression|x86.Build.0 = Release|Any CPU
		{51F48801-B5DC-4849-BD90-93BAE1D5B8CA}.Release|Any CPU.ActiveCfg = Release|Any CPU
		{51F48801-B5DC-4849-BD90-93BAE1D5B8CA}.Release|Any CPU.Build.0 = Release|Any CPU
		{51F48801-B5DC-4849-BD90-93BAE1D5B8CA}.Release|x86.ActiveCfg = Release|Any CPU
		{51F48801-B5DC-4849-BD90-93BAE1D5B8CA}.Release|x86.Build.0 = Release|Any CPU
	EndGlobalSection
	GlobalSection(SolutionProperties) = preSolution
		HideSolutionNode = FALSE
	EndGlobalSection
EndGlobal
